
Microsoft Visual Studio Solution File, Format Version 12.00
# Visual Studio Version 17
VisualStudioVersion = 17.4.33122.133
MinimumVisualStudioVersion = 10.0.40219.1
Project("{9A19103F-16F7-4668-BE54-9A1E7A4F7556}") = "CinemaApp.Presentation", "src\CinemaApp.Presentation\CinemaApp.Presentation.csproj", "{41EC5BC4-4E56-44B9-9809-19F488FCD08E}"
EndProject
Project("{9A19103F-16F7-4668-BE54-9A1E7A4F7556}") = "CinemaApp.DataAccess", "src\CinemaApp.DataAccess\CinemaApp.DataAccess.csproj", "{0B41B0F8-EEB2-4F0C-8609-661BD9DC4B8F}"
EndProject
Project("{9A19103F-16F7-4668-BE54-9A1E7A4F7556}") = "CinemaApp.BusinessLogic", "src\CinemaApp.BusinessLogic\CinemaApp.BusinessLogic.csproj", "{2FCF5DE8-A7C5-4D45-A136-31FEBB6E9EC9}"
EndProject
Project("{FAE04EC0-301F-11D3-BF4B-00C04F79EFBC}") = "CineAppTest", "CineAppTest\CineAppTest.csproj", "{DBB596D8-D2A8-4315-A512-68DC212E0293}"
EndProject
Global
	GlobalSection(SolutionConfigurationPlatforms) = preSolution
		Debug|Any CPU = Debug|Any CPU
		Release|Any CPU = Release|Any CPU
	EndGlobalSection
	GlobalSection(ProjectConfigurationPlatforms) = postSolution
		{41EC5BC4-4E56-44B9-9809-19F488FCD08E}.Debug|Any CPU.ActiveCfg = Debug|Any CPU
		{41EC5BC4-4E56-44B9-9809-19F488FCD08E}.Debug|Any CPU.Build.0 = Debug|Any CPU
		{41EC5BC4-4E56-44B9-9809-19F488FCD08E}.Release|Any CPU.ActiveCfg = Release|Any CPU
		{41EC5BC4-4E56-44B9-9809-19F488FCD08E}.Release|Any CPU.Build.0 = Release|Any CPU
		{0B41B0F8-EEB2-4F0C-8609-661BD9DC4B8F}.Debug|Any CPU.ActiveCfg = Debug|Any CPU
		{0B41B0F8-EEB2-4F0C-8609-661BD9DC4B8F}.Debug|Any CPU.Build.0 = Debug|Any CPU
		{0B41B0F8-EEB2-4F0C-8609-661BD9DC4B8F}.Release|Any CPU.ActiveCfg = Release|Any CPU
		{0B41B0F8-EEB2-4F0C-8609-661BD9DC4B8F}.Release|Any CPU.Build.0 = Release|Any CPU
		{2FCF5DE8-A7C5-4D45-A136-31FEBB6E9EC9}.Debug|Any CPU.ActiveCfg = Debug|Any CPU
		{2FCF5DE8-A7C5-4D45-A136-31FEBB6E9EC9}.Debug|Any CPU.Build.0 = Debug|Any CPU
		{2FCF5DE8-A7C5-4D45-A136-31FEBB6E9EC9}.Release|Any CPU.ActiveCfg = Release|Any CPU
		{2FCF5DE8-A7C5-4D45-A136-31FEBB6E9EC9}.Release|Any CPU.Build.0 = Release|Any CPU
		{DBB596D8-D2A8-4315-A512-68DC212E0293}.Debug|Any CPU.ActiveCfg = Debug|Any CPU
		{DBB596D8-D2A8-4315-A512-68DC212E0293}.Debug|Any CPU.Build.0 = Debug|Any CPU
		{DBB596D8-D2A8-4315-A512-68DC212E0293}.Release|Any CPU.ActiveCfg = Release|Any CPU
		{DBB596D8-D2A8-4315-A512-68DC212E0293}.Release|Any CPU.Build.0 = Release|Any CPU
	EndGlobalSection
	GlobalSection(SolutionProperties) = preSolution
		HideSolutionNode = FALSE
	EndGlobalSection
	GlobalSection(ExtensibilityGlobals) = postSolution
		SolutionGuid = {6CC97320-25C2-4DA6-9584-6A51FAF3A0BC}
	EndGlobalSection
EndGlobal
